
Microsoft Visual Studio Solution File, Format Version 12.00
# Visual Studio Version 17
VisualStudioVersion = 17.13.35806.99 d17.13
MinimumVisualStudioVersion = 10.0.40219.1
Project("{FAE04EC0-301F-11D3-BF4B-00C04F79EFBC}") = "FormularioReproductor-2025-II", "FormularioReproductor-2025-II.csproj", "{CC0453D2-9B69-46C0-B114-89775CA40012}"
EndProject
Global
	GlobalSection(SolutionConfigurationPlatforms) = preSolution
		Debug|Any CPU = Debug|Any CPU
		Release|Any CPU = Release|Any CPU
	EndGlobalSection
	GlobalSection(ProjectConfigurationPlatforms) = postSolution
		{CC0453D2-9B69-46C0-B114-89775CA40012}.Debug|Any CPU.ActiveCfg = Debug|Any CPU
		{CC0453D2-9B69-46C0-B114-89775CA40012}.Debug|Any CPU.Build.0 = Debug|Any CPU
		{CC0453D2-9B69-46C0-B114-89775CA40012}.Release|Any CPU.ActiveCfg = Release|Any CPU
		{CC0453D2-9B69-46C0-B114-89775CA40012}.Release|Any CPU.Build.0 = Release|Any CPU
	EndGlobalSection
	GlobalSection(SolutionProperties) = preSolution
		HideSolutionNode = FALSE
	EndGlobalSection
	GlobalSection(ExtensibilityGlobals) = postSolution
		SolutionGuid = {D4D41171-3E4E-469C-B50F-6C0CFB8B37EA}
	EndGlobalSection
EndGlobal
